
Microsoft Visual Studio Solution File, Format Version 12.00
# Visual Studio Version 16
VisualStudioVersion = 16.0.31829.152
MinimumVisualStudioVersion = 10.0.40219.1
Project("{FAE04EC0-301F-11D3-BF4B-00C04F79EFBC}") = "Enaip.Exercise.KataPasswordRefactor", "Enaip.Exercise.KataPasswordRefactor\Enaip.Exercise.KataPasswordRefactor.csproj", "{D8791D72-3C15-4B36-948C-8765D3320601}"
EndProject
Project("{FAE04EC0-301F-11D3-BF4B-00C04F79EFBC}") = "KataPasswordTest", "KataPasswordTest\KataPasswordTest.csproj", "{A6515CCB-5713-4584-B6C7-96A5D8BF5B5B}"
EndProject
Global
	GlobalSection(SolutionConfigurationPlatforms) = preSolution
		Debug|Any CPU = Debug|Any CPU
		Release|Any CPU = Release|Any CPU
	EndGlobalSection
	GlobalSection(ProjectConfigurationPlatforms) = postSolution
		{D8791D72-3C15-4B36-948C-8765D3320601}.Debug|Any CPU.ActiveCfg = Debug|Any CPU
		{D8791D72-3C15-4B36-948C-8765D3320601}.Debug|Any CPU.Build.0 = Debug|Any CPU
		{D8791D72-3C15-4B36-948C-8765D3320601}.Release|Any CPU.ActiveCfg = Release|Any CPU
		{D8791D72-3C15-4B36-948C-8765D3320601}.Release|Any CPU.Build.0 = Release|Any CPU
		{A6515CCB-5713-4584-B6C7-96A5D8BF5B5B}.Debug|Any CPU.ActiveCfg = Debug|Any CPU
		{A6515CCB-5713-4584-B6C7-96A5D8BF5B5B}.Debug|Any CPU.Build.0 = Debug|Any CPU
		{A6515CCB-5713-4584-B6C7-96A5D8BF5B5B}.Release|Any CPU.ActiveCfg = Release|Any CPU
		{A6515CCB-5713-4584-B6C7-96A5D8BF5B5B}.Release|Any CPU.Build.0 = Release|Any CPU
	EndGlobalSection
	GlobalSection(SolutionProperties) = preSolution
		HideSolutionNode = FALSE
	EndGlobalSection
	GlobalSection(ExtensibilityGlobals) = postSolution
		SolutionGuid = {E5EE67A2-0CE9-4A73-88E9-B59901B7DD7C}
	EndGlobalSection
EndGlobal
